Microsoft Visual Studio Solution File, Format Version 12.00
# Visual Studio Version 17
VisualStudioVersion = 17.5.2.0
MinimumVisualStudioVersion = 10.0.40219.1
Project("{FAE04EC0-301F-11D3-BF4B-00C04F79EFBC}") = "web-service-mvc", "web-service-mvc.csproj", "{A068DAE9-DE41-2CBD-A955-AE5C77AF9BDF}"
EndProject
Global
	GlobalSection(SolutionConfigurationPlatforms) = preSolution
		Debug|Any CPU = Debug|Any CPU
		Release|Any CPU = Release|Any CPU
	EndGlobalSection
	GlobalSection(ProjectConfigurationPlatforms) = postSolution
		{A068DAE9-DE41-2CBD-A955-AE5C77AF9BDF}.Debug|Any CPU.ActiveCfg = Debug|Any CPU
		{A068DAE9-DE41-2CBD-A955-AE5C77AF9BDF}.Debug|Any CPU.Build.0 = Debug|Any CPU
		{A068DAE9-DE41-2CBD-A955-AE5C77AF9BDF}.Release|Any CPU.ActiveCfg = Release|Any CPU
		{A068DAE9-DE41-2CBD-A955-AE5C77AF9BDF}.Release|Any CPU.Build.0 = Release|Any CPU
	EndGlobalSection
	GlobalSection(SolutionProperties) = preSolution
		HideSolutionNode = FALSE
	EndGlobalSection
	GlobalSection(ExtensibilityGlobals) = postSolution
		SolutionGuid = {C6C85FC8-E51C-4DEB-B66D-B59131AB9093}
	EndGlobalSection
EndGlobal
